
Microsoft Visual Studio Solution File, Format Version 12.00
# Visual Studio Version 17
VisualStudioVersion = 17.7.34003.232
MinimumVisualStudioVersion = 10.0.40219.1
Project("{FAE04EC0-301F-11D3-BF4B-00C04F79EFBC}") = "TeruTeruServer.SDK", "TeruTeruServer.SDK\TeruTeruServer.SDK.csproj", "{70A9A52B-4679-4359-95F7-8230AE8D4C1D}"
EndProject
Project("{FAE04EC0-301F-11D3-BF4B-00C04F79EFBC}") = "TeruTeruServer.Commands", "TeruTeruServer.Commands\TeruTeruServer.Commands.csproj", "{16546C7A-675E-4292-BFF2-357CA6B4579F}"
EndProject
Project("{FAE04EC0-301F-11D3-BF4B-00C04F79EFBC}") = "TeruTeruServer.Runtime", "TeruTeruServer.Runtime\TeruTeruServer.Runtime.csproj", "{4F0D2874-099E-428F-9DD9-E2BD87B7EF60}"
EndProject
Project("{FAE04EC0-301F-11D3-BF4B-00C04F79EFBC}") = "TeruTeruServer.Cli", "TeruTeruServer.Cli\TeruTeruServer.Cli.csproj", "{BC52AED4-E70C-4DFD-A2F1-61926535A6C4}"
EndProject
Project("{FAE04EC0-301F-11D3-BF4B-00C04F79EFBC}") = "TeruTeruServer.Logic.Default", "TeruTeruServer.Logic.Default\TeruTeruServer.Logic.Default.csproj", "{CF3DD1BC-A89B-454D-909D-256E84745464}"
EndProject
Project("{FAE04EC0-301F-11D3-BF4B-00C04F79EFBC}") = "TeruTeruServer.Runtime.Tests", "TeruTeruServer.Runtime.Tests\TeruTeruServer.Runtime.Tests.csproj", "{E2AF99D4-7FFA-4F9B-BED3-BC8D3F566A8E}"
EndProject
Project("{FAE04EC0-301F-11D3-BF4B-00C04F79EFBC}") = "TeruTeruServer.SDK.Tests", "TeruTeruServer.SDK.Tests\TeruTeruServer.SDK.Tests.csproj", "{722E683D-AA09-4832-A343-F07665E93E45}"
EndProject
Project("{FAE04EC0-301F-11D3-BF4B-00C04F79EFBC}") = "TeruTeruServer.Logic.Default.Tests", "TeruTeruServer.Logic.Default.Tests\TeruTeruServer.Logic.Default.Tests.csproj", "{C525351B-CFD8-42A2-B5C9-3DC1DDC65DDE}"
EndProject
Project("{FAE04EC0-301F-11D3-BF4B-00C04F79EFBC}") = "TeruTeruServer.Client", "TeruTeruServer.Client\TeruTeruServer.Client.csproj", "{2D472569-6C98-48BB-8C3E-EAD611104506}"
EndProject
Global
	GlobalSection(SolutionConfigurationPlatforms) = preSolution
		Debug|Any CPU = Debug|Any CPU
		Debug|x64 = Debug|x64
		Debug|x86 = Debug|x86
		Release|Any CPU = Release|Any CPU
		Release|x64 = Release|x64
		Release|x86 = Release|x86
	EndGlobalSection
	GlobalSection(ProjectConfigurationPlatforms) = postSolution
		{70A9A52B-4679-4359-95F7-8230AE8D4C1D}.Debug|Any CPU.ActiveCfg = Debug|Any CPU
		{70A9A52B-4679-4359-95F7-8230AE8D4C1D}.Debug|Any CPU.Build.0 = Debug|Any CPU
		{70A9A52B-4679-4359-95F7-8230AE8D4C1D}.Debug|x64.ActiveCfg = Debug|Any CPU
		{70A9A52B-4679-4359-95F7-8230AE8D4C1D}.Debug|x64.Build.0 = Debug|Any CPU
		{70A9A52B-4679-4359-95F7-8230AE8D4C1D}.Debug|x86.ActiveCfg = Debug|Any CPU
		{70A9A52B-4679-4359-95F7-8230AE8D4C1D}.Debug|x86.Build.0 = Debug|Any CPU
		{70A9A52B-4679-4359-95F7-8230AE8D4C1D}.Release|Any CPU.ActiveCfg = Release|Any CPU
		{70A9A52B-4679-4359-95F7-8230AE8D4C1D}.Release|Any CPU.Build.0 = Release|Any CPU
		{70A9A52B-4679-4359-95F7-8230AE8D4C1D}.Release|x64.ActiveCfg = Release|Any CPU
		{70A9A52B-4679-4359-95F7-8230AE8D4C1D}.Release|x64.Build.0 = Release|Any CPU
		{70A9A52B-4679-4359-95F7-8230AE8D4C1D}.Release|x86.ActiveCfg = Release|Any CPU
		{70A9A52B-4679-4359-95F7-8230AE8D4C1D}.Release|x86.Build.0 = Release|Any CPU
		{16546C7A-675E-4292-BFF2-357CA6B4579F}.Debug|Any CPU.ActiveCfg = Debug|Any CPU
		{16546C7A-675E-4292-BFF2-357CA6B4579F}.Debug|Any CPU.Build.0 = Debug|Any CPU
		{16546C7A-675E-4292-BFF2-357CA6B4579F}.Debug|x64.ActiveCfg = Debug|Any CPU
		{16546C7A-675E-4292-BFF2-357CA6B4579F}.Debug|x64.Build.0 = Debug|Any CPU
		{16546C7A-675E-4292-BFF2-357CA6B4579F}.Debug|x86.ActiveCfg = Debug|Any CPU
		{16546C7A-675E-4292-BFF2-357CA6B4579F}.Debug|x86.Build.0 = Debug|Any CPU
		{16546C7A-675E-4292-BFF2-357CA6B4579F}.Release|Any CPU.ActiveCfg = Release|Any CPU
		{16546C7A-675E-4292-BFF2-357CA6B4579F}.Release|Any CPU.Build.0 = Release|Any CPU
		{16546C7A-675E-4292-BFF2-357CA6B4579F}.Release|x64.ActiveCfg = Release|Any CPU
		{16546C7A-675E-4292-BFF2-357CA6B4579F}.Release|x64.Build.0 = Release|Any CPU
		{16546C7A-675E-4292-BFF2-357CA6B4579F}.Release|x86.ActiveCfg = Release|Any CPU
		{16546C7A-675E-4292-BFF2-357CA6B4579F}.Release|x86.Build.0 = Release|Any CPU
		{4F0D2874-099E-428F-9DD9-E2BD87B7EF60}.Debug|Any CPU.ActiveCfg = Debug|Any CPU
		{4F0D2874-099E-428F-9DD9-E2BD87B7EF60}.Debug|Any CPU.Build.0 = Debug|Any CPU
		{4F0D2874-099E-428F-9DD9-E2BD87B7EF60}.Debug|x64.ActiveCfg = Debug|Any CPU
		{4F0D2874-099E-428F-9DD9-E2BD87B7EF60}.Debug|x64.Build.0 = Debug|Any CPU
		{4F0D2874-099E-428F-9DD9-E2BD87B7EF60}.Debug|x86.ActiveCfg = Debug|Any CPU
		{4F0D2874-099E-428F-9DD9-E2BD87B7EF60}.Debug|x86.Build.0 = Debug|Any CPU
		{4F0D2874-099E-428F-9DD9-E2BD87B7EF60}.Release|Any CPU.ActiveCfg = Release|Any CPU
		{4F0D2874-099E-428F-9DD9-E2BD87B7EF60}.Release|Any CPU.Build.0 = Release|Any CPU
		{4F0D2874-099E-428F-9DD9-E2BD87B7EF60}.Release|x64.ActiveCfg = Release|Any CPU
		{4F0D2874-099E-428F-9DD9-E2BD87B7EF60}.Release|x64.Build.0 = Release|Any CPU
		{4F0D2874-099E-428F-9DD9-E2BD87B7EF60}.Release|x86.ActiveCfg = Release|Any CPU
		{4F0D2874-099E-428F-9DD9-E2BD87B7EF60}.Release|x86.Build.0 = Release|Any CPU
		{BC52AED4-E70C-4DFD-A2F1-61926535A6C4}.Debug|Any CPU.ActiveCfg = Debug|Any CPU
		{BC52AED4-E70C-4DFD-A2F1-61926535A6C4}.Debug|Any CPU.Build.0 = Debug|Any CPU
		{BC52AED4-E70C-4DFD-A2F1-61926535A6C4}.Debug|x64.ActiveCfg = Debug|Any CPU
		{BC52AED4-E70C-4DFD-A2F1-61926535A6C4}.Debug|x64.Build.0 = Debug|Any CPU
		{BC52AED4-E70C-4DFD-A2F1-61926535A6C4}.Debug|x86.ActiveCfg = Debug|Any CPU
		{BC52AED4-E70C-4DFD-A2F1-61926535A6C4}.Debug|x86.Build.0 = Debug|Any CPU
		{BC52AED4-E70C-4DFD-A2F1-61926535A6C4}.Release|Any CPU.ActiveCfg = Release|Any CPU
		{BC52AED4-E70C-4DFD-A2F1-61926535A6C4}.Release|Any CPU.Build.0 = Release|Any CPU
		{BC52AED4-E70C-4DFD-A2F1-61926535A6C4}.Release|x64.ActiveCfg = Release|Any CPU
		{BC52AED4-E70C-4DFD-A2F1-61926535A6C4}.Release|x64.Build.0 = Release|Any CPU
		{BC52AED4-E70C-4DFD-A2F1-61926535A6C4}.Release|x86.ActiveCfg = Release|Any CPU
		{BC52AED4-E70C-4DFD-A2F1-61926535A6C4}.Release|x86.Build.0 = Release|Any CPU
		{CF3DD1BC-A89B-454D-909D-256E84745464}.Debug|Any CPU.ActiveCfg = Debug|Any CPU
		{CF3DD1BC-A89B-454D-909D-256E84745464}.Debug|Any CPU.Build.0 = Debug|Any CPU
		{CF3DD1BC-A89B-454D-909D-256E84745464}.Debug|x64.ActiveCfg = Debug|Any CPU
		{CF3DD1BC-A89B-454D-909D-256E84745464}.Debug|x64.Build.0 = Debug|Any CPU
		{CF3DD1BC-A89B-454D-909D-256E84745464}.Debug|x86.ActiveCfg = Debug|Any CPU
		{CF3DD1BC-A89B-454D-909D-256E84745464}.Debug|x86.Build.0 = Debug|Any CPU
		{CF3DD1BC-A89B-454D-909D-256E84745464}.Release|Any CPU.ActiveCfg = Release|Any CPU
		{CF3DD1BC-A89B-454D-909D-256E84745464}.Release|Any CPU.Build.0 = Release|Any CPU
		{CF3DD1BC-A89B-454D-909D-256E84745464}.Release|x64.ActiveCfg = Release|Any CPU
		{CF3DD1BC-A89B-454D-909D-256E84745464}.Release|x64.Build.0 = Release|Any CPU
		{CF3DD1BC-A89B-454D-909D-256E84745464}.Release|x86.ActiveCfg = Release|Any CPU
		{CF3DD1BC-A89B-454D-909D-256E84745464}.Release|x86.Build.0 = Release|Any CPU
		{E2AF99D4-7FFA-4F9B-BED3-BC8D3F566A8E}.Debug|Any CPU.ActiveCfg = Debug|Any CPU
		{E2AF99D4-7FFA-4F9B-BED3-BC8D3F566A8E}.Debug|Any CPU.Build.0 = Debug|Any CPU
		{E2AF99D4-7FFA-4F9B-BED3-BC8D3F566A8E}.Debug|x64.ActiveCfg = Debug|Any CPU
		{E2AF99D4-7FFA-4F9B-BED3-BC8D3F566A8E}.Debug|x64.Build.0 = Debug|Any CPU
		{E2AF99D4-7FFA-4F9B-BED3-BC8D3F566A8E}.Debug|x86.ActiveCfg = Debug|Any CPU
		{E2AF99D4-7FFA-4F9B-BED3-BC8D3F566A8E}.Debug|x86.Build.0 = Debug|Any CPU
		{E2AF99D4-7FFA-4F9B-BED3-BC8D3F566A8E}.Release|Any CPU.ActiveCfg = Release|Any CPU
		{E2AF99D4-7FFA-4F9B-BED3-BC8D3F566A8E}.Release|Any CPU.Build.0 = Release|Any CPU
		{E2AF99D4-7FFA-4F9B-BED3-BC8D3F566A8E}.Release|x64.ActiveCfg = Release|Any CPU
		{E2AF99D4-7FFA-4F9B-BED3-BC8D3F566A8E}.Release|x64.Build.0 = Release|Any CPU
		{E2AF99D4-7FFA-4F9B-BED3-BC8D3F566A8E}.Release|x86.ActiveCfg = Release|Any CPU
		{E2AF99D4-7FFA-4F9B-BED3-BC8D3F566A8E}.Release|x86.Build.0 = Release|Any CPU
		{722E683D-AA09-4832-A343-F07665E93E45}.Debug|Any CPU.ActiveCfg = Debug|Any CPU
		{722E683D-AA09-4832-A343-F07665E93E45}.Debug|Any CPU.Build.0 = Debug|Any CPU
		{722E683D-AA09-4832-A343-F07665E93E45}.Debug|x64.ActiveCfg = Debug|Any CPU
		{722E683D-AA09-4832-A343-F07665E93E45}.Debug|x64.Build.0 = Debug|Any CPU
		{722E683D-AA09-4832-A343-F07665E93E45}.Debug|x86.ActiveCfg = Debug|Any CPU
		{722E683D-AA09-4832-A343-F07665E93E45}.Debug|x86.Build.0 = Debug|Any CPU
		{722E683D-AA09-4832-A343-F07665E93E45}.Release|Any CPU.ActiveCfg = Release|Any CPU
		{722E683D-AA09-4832-A343-F07665E93E45}.Release|Any CPU.Build.0 = Release|Any CPU
		{722E683D-AA09-4832-A343-F07665E93E45}.Release|x64.ActiveCfg = Release|Any CPU
		{722E683D-AA09-4832-A343-F07665E93E45}.Release|x64.Build.0 = Release|Any CPU
		{722E683D-AA09-4832-A343-F07665E93E45}.Release|x86.ActiveCfg = Release|Any CPU
		{722E683D-AA09-4832-A343-F07665E93E45}.Release|x86.Build.0 = Release|Any CPU
		{C525351B-CFD8-42A2-B5C9-3DC1DDC65DDE}.Debug|Any CPU.ActiveCfg = Debug|Any CPU
		{C525351B-CFD8-42A2-B5C9-3DC1DDC65DDE}.Debug|Any CPU.Build.0 = Debug|Any CPU
		{C525351B-CFD8-42A2-B5C9-3DC1DDC65DDE}.Debug|x64.ActiveCfg = Debug|Any CPU
		{C525351B-CFD8-42A2-B5C9-3DC1DDC65DDE}.Debug|x64.Build.0 = Debug|Any CPU
		{C525351B-CFD8-42A2-B5C9-3DC1DDC65DDE}.Debug|x86.ActiveCfg = Debug|Any CPU
		{C525351B-CFD8-42A2-B5C9-3DC1DDC65DDE}.Debug|x86.Build.0 = Debug|Any CPU
		{C525351B-CFD8-42A2-B5C9-3DC1DDC65DDE}.Release|Any CPU.ActiveCfg = Release|Any CPU
		{C525351B-CFD8-42A2-B5C9-3DC1DDC65DDE}.Release|Any CPU.Build.0 = Release|Any CPU
		{C525351B-CFD8-42A2-B5C9-3DC1DDC65DDE}.Release|x64.ActiveCfg = Release|Any CPU
		{C525351B-CFD8-42A2-B5C9-3DC1DDC65DDE}.Release|x64.Build.0 = Release|Any CPU
		{C525351B-CFD8-42A2-B5C9-3DC1DDC65DDE}.Release|x86.ActiveCfg = Release|Any CPU
		{C525351B-CFD8-42A2-B5C9-3DC1DDC65DDE}.Release|x86.Build.0 = Release|Any CPU
		{2D472569-6C98-48BB-8C3E-EAD611104506}.Debug|Any CPU.ActiveCfg = Debug|Any CPU
		{2D472569-6C98-48BB-8C3E-EAD611104506}.Debug|Any CPU.Build.0 = Debug|Any CPU
		{2D472569-6C98-48BB-8C3E-EAD611104506}.Debug|x64.ActiveCfg = Debug|Any CPU
		{2D472569-6C98-48BB-8C3E-EAD611104506}.Debug|x64.Build.0 = Debug|Any CPU
		{2D472569-6C98-48BB-8C3E-EAD611104506}.Debug|x86.ActiveCfg = Debug|Any CPU
		{2D472569-6C98-48BB-8C3E-EAD611104506}.Debug|x86.Build.0 = Debug|Any CPU
		{2D472569-6C98-48BB-8C3E-EAD611104506}.Release|Any CPU.ActiveCfg = Release|Any CPU
		{2D472569-6C98-48BB-8C3E-EAD611104506}.Release|Any CPU.Build.0 = Release|Any CPU
		{2D472569-6C98-48BB-8C3E-EAD611104506}.Release|x64.ActiveCfg = Release|Any CPU
		{2D472569-6C98-48BB-8C3E-EAD611104506}.Release|x64.Build.0 = Release|Any CPU
		{2D472569-6C98-48BB-8C3E-EAD611104506}.Release|x86.ActiveCfg = Release|Any CPU
		{2D472569-6C98-48BB-8C3E-EAD611104506}.Release|x86.Build.0 = Release|Any CPU
	EndGlobalSection
	GlobalSection(SolutionProperties) = preSolution
		HideSolutionNode = FALSE
	EndGlobalSection
	GlobalSection(ExtensibilityGlobals) = postSolution
		SolutionGuid = {0B4F0B17-A670-4B6B-896C-01187A1D3FDC}
	EndGlobalSection
EndGlobal
